
Microsoft Visual Studio Solution File, Format Version 12.00
# Visual Studio Version 17
VisualStudioVersion = 17.4.33205.214
MinimumVisualStudioVersion = 10.0.40219.1
Project("{FAE04EC0-301F-11D3-BF4B-00C04F79EFBC}") = "ReactWithAsp", "ReactWithAsp.csproj", "{BBCE7276-8462-46C8-9304-D31DE2F84D09}"
EndProject
Global
	GlobalSection(SolutionConfigurationPlatforms) = preSolution
		Debug|Any CPU = Debug|Any CPU
		Release|Any CPU = Release|Any CPU
	EndGlobalSection
	GlobalSection(ProjectConfigurationPlatforms) = postSolution
		{BBCE7276-8462-46C8-9304-D31DE2F84D09}.Debug|Any CPU.ActiveCfg = Debug|Any CPU
		{BBCE7276-8462-46C8-9304-D31DE2F84D09}.Debug|Any CPU.Build.0 = Debug|Any CPU
		{BBCE7276-8462-46C8-9304-D31DE2F84D09}.Release|Any CPU.ActiveCfg = Release|Any CPU
		{BBCE7276-8462-46C8-9304-D31DE2F84D09}.Release|Any CPU.Build.0 = Release|Any CPU
	EndGlobalSection
	GlobalSection(SolutionProperties) = preSolution
		HideSolutionNode = FALSE
	EndGlobalSection
	GlobalSection(ExtensibilityGlobals) = postSolution
		SolutionGuid = {6913F78A-4922-40A3-B829-C50784D1A6EE}
	EndGlobalSection
EndGlobal
